
Microsoft Visual Studio Solution File, Format Version 12.00
# Visual Studio 15
VisualStudioVersion = 15.0.33026.149
MinimumVisualStudioVersion = 10.0.40219.1
Project("{8BC9CEB8-8B4A-11D0-8D11-00A0C91BC942}") = "类模板继承", "类模板继承\类模板继承.vcxproj", "{60C3CD5B-A895-4808-A7CE-8AAF4005A59F}"
EndProject
Global
	GlobalSection(SolutionConfigurationPlatforms) = preSolution
		Debug|x64 = Debug|x64
		Debug|x86 = Debug|x86
		Release|x64 = Release|x64
		Release|x86 = Release|x86
	EndGlobalSection
	GlobalSection(ProjectConfigurationPlatforms) = postSolution
		{60C3CD5B-A895-4808-A7CE-8AAF4005A59F}.Debug|x64.ActiveCfg = Debug|x64
		{60C3CD5B-A895-4808-A7CE-8AAF4005A59F}.Debug|x64.Build.0 = Debug|x64
		{60C3CD5B-A895-4808-A7CE-8AAF4005A59F}.Debug|x86.ActiveCfg = Debug|Win32
		{60C3CD5B-A895-4808-A7CE-8AAF4005A59F}.Debug|x86.Build.0 = Debug|Win32
		{60C3CD5B-A895-4808-A7CE-8AAF4005A59F}.Release|x64.ActiveCfg = Release|x64
		{60C3CD5B-A895-4808-A7CE-8AAF4005A59F}.Release|x64.Build.0 = Release|x64
		{60C3CD5B-A895-4808-A7CE-8AAF4005A59F}.Release|x86.ActiveCfg = Release|Win32
		{60C3CD5B-A895-4808-A7CE-8AAF4005A59F}.Release|x86.Build.0 = Release|Win32
	EndGlobalSection
	GlobalSection(SolutionProperties) = preSolution
		HideSolutionNode = FALSE
	EndGlobalSection
	GlobalSection(ExtensibilityGlobals) = postSolution
		SolutionGuid = {C3004A06-6727-4FCE-A8EF-AACB1DD6AC1A}
	EndGlobalSection
EndGlobal
