
Microsoft Visual Studio Solution File, Format Version 12.00
# Visual Studio 15
VisualStudioVersion = 15.0.28307.2017
MinimumVisualStudioVersion = 10.0.40219.1
Project("{8BC9CEB8-8B4A-11D0-8D11-00A0C91BC942}") = "project_assembly", "project_assembly\project_assembly.vcxproj", "{9E9514F7-71C0-494D-A602-EA55E0B47A02}"
EndProject
Global
	GlobalSection(SolutionConfigurationPlatforms) = preSolution
		Debug|x64 = Debug|x64
		Debug|x86 = Debug|x86
		Release|x64 = Release|x64
		Release|x86 = Release|x86
	EndGlobalSection
	GlobalSection(ProjectConfigurationPlatforms) = postSolution
		{9E9514F7-71C0-494D-A602-EA55E0B47A02}.Debug|x64.ActiveCfg = Debug|x64
		{9E9514F7-71C0-494D-A602-EA55E0B47A02}.Debug|x64.Build.0 = Debug|x64
		{9E9514F7-71C0-494D-A602-EA55E0B47A02}.Debug|x86.ActiveCfg = Debug|Win32
		{9E9514F7-71C0-494D-A602-EA55E0B47A02}.Debug|x86.Build.0 = Debug|Win32
		{9E9514F7-71C0-494D-A602-EA55E0B47A02}.Release|x64.ActiveCfg = Release|x64
		{9E9514F7-71C0-494D-A602-EA55E0B47A02}.Release|x64.Build.0 = Release|x64
		{9E9514F7-71C0-494D-A602-EA55E0B47A02}.Release|x86.ActiveCfg = Release|Win32
		{9E9514F7-71C0-494D-A602-EA55E0B47A02}.Release|x86.Build.0 = Release|Win32
	EndGlobalSection
	GlobalSection(SolutionProperties) = preSolution
		HideSolutionNode = FALSE
	EndGlobalSection
	GlobalSection(ExtensibilityGlobals) = postSolution
		SolutionGuid = {C26B7D64-37C2-4358-93A7-714B05211062}
	EndGlobalSection
EndGlobal
