
Microsoft Visual Studio Solution File, Format Version 12.00
# Visual Studio 15
VisualStudioVersion = 15.0.33026.149
MinimumVisualStudioVersion = 10.0.40219.1
Project("{8BC9CEB8-8B4A-11D0-8D11-00A0C91BC942}") = "黑客攻击系统", "黑客攻击系统\黑客攻击系统.vcxproj", "{7F3C54BC-38D7-4D2D-A7CB-010C6AC2B15E}"
EndProject
Global
	GlobalSection(SolutionConfigurationPlatforms) = preSolution
		Debug|x64 = Debug|x64
		Debug|x86 = Debug|x86
		Release|x64 = Release|x64
		Release|x86 = Release|x86
	EndGlobalSection
	GlobalSection(ProjectConfigurationPlatforms) = postSolution
		{7F3C54BC-38D7-4D2D-A7CB-010C6AC2B15E}.Debug|x64.ActiveCfg = Debug|x64
		{7F3C54BC-38D7-4D2D-A7CB-010C6AC2B15E}.Debug|x64.Build.0 = Debug|x64
		{7F3C54BC-38D7-4D2D-A7CB-010C6AC2B15E}.Debug|x86.ActiveCfg = Debug|Win32
		{7F3C54BC-38D7-4D2D-A7CB-010C6AC2B15E}.Debug|x86.Build.0 = Debug|Win32
		{7F3C54BC-38D7-4D2D-A7CB-010C6AC2B15E}.Release|x64.ActiveCfg = Release|x64
		{7F3C54BC-38D7-4D2D-A7CB-010C6AC2B15E}.Release|x64.Build.0 = Release|x64
		{7F3C54BC-38D7-4D2D-A7CB-010C6AC2B15E}.Release|x86.ActiveCfg = Release|Win32
		{7F3C54BC-38D7-4D2D-A7CB-010C6AC2B15E}.Release|x86.Build.0 = Release|Win32
	EndGlobalSection
	GlobalSection(SolutionProperties) = preSolution
		HideSolutionNode = FALSE
	EndGlobalSection
	GlobalSection(ExtensibilityGlobals) = postSolution
		SolutionGuid = {29369630-6108-4E58-85BF-E72E4A7F0222}
	EndGlobalSection
EndGlobal
