
Microsoft Visual Studio Solution File, Format Version 12.00
# Visual Studio 15
VisualStudioVersion = 15.0.33026.149
MinimumVisualStudioVersion = 10.0.40219.1
Project("{8BC9CEB8-8B4A-11D0-8D11-00A0C91BC942}") = "statck容器", "statck容器\statck容器.vcxproj", "{1DA299BF-5F7B-428B-ABD5-B4D6A29C3802}"
EndProject
Global
	GlobalSection(SolutionConfigurationPlatforms) = preSolution
		Debug|x64 = Debug|x64
		Debug|x86 = Debug|x86
		Release|x64 = Release|x64
		Release|x86 = Release|x86
	EndGlobalSection
	GlobalSection(ProjectConfigurationPlatforms) = postSolution
		{1DA299BF-5F7B-428B-ABD5-B4D6A29C3802}.Debug|x64.ActiveCfg = Debug|x64
		{1DA299BF-5F7B-428B-ABD5-B4D6A29C3802}.Debug|x64.Build.0 = Debug|x64
		{1DA299BF-5F7B-428B-ABD5-B4D6A29C3802}.Debug|x86.ActiveCfg = Debug|Win32
		{1DA299BF-5F7B-428B-ABD5-B4D6A29C3802}.Debug|x86.Build.0 = Debug|Win32
		{1DA299BF-5F7B-428B-ABD5-B4D6A29C3802}.Release|x64.ActiveCfg = Release|x64
		{1DA299BF-5F7B-428B-ABD5-B4D6A29C3802}.Release|x64.Build.0 = Release|x64
		{1DA299BF-5F7B-428B-ABD5-B4D6A29C3802}.Release|x86.ActiveCfg = Release|Win32
		{1DA299BF-5F7B-428B-ABD5-B4D6A29C3802}.Release|x86.Build.0 = Release|Win32
	EndGlobalSection
	GlobalSection(SolutionProperties) = preSolution
		HideSolutionNode = FALSE
	EndGlobalSection
	GlobalSection(ExtensibilityGlobals) = postSolution
		SolutionGuid = {7DD04B99-F123-4A8D-9F9B-06B1A1F5652D}
	EndGlobalSection
EndGlobal
