
Microsoft Visual Studio Solution File, Format Version 12.00
# Visual Studio 15
VisualStudioVersion = 15.0.33026.149
MinimumVisualStudioVersion = 10.0.40219.1
Project("{8BC9CEB8-8B4A-11D0-8D11-00A0C91BC942}") = "Project1", "Project1\Project1.vcxproj", "{7FD703C3-58CA-4FF7-BBE0-991FC237444A}"
EndProject
Global
	GlobalSection(SolutionConfigurationPlatforms) = preSolution
		Debug|x64 = Debug|x64
		Debug|x86 = Debug|x86
		Release|x64 = Release|x64
		Release|x86 = Release|x86
	EndGlobalSection
	GlobalSection(ProjectConfigurationPlatforms) = postSolution
		{7FD703C3-58CA-4FF7-BBE0-991FC237444A}.Debug|x64.ActiveCfg = Debug|x64
		{7FD703C3-58CA-4FF7-BBE0-991FC237444A}.Debug|x64.Build.0 = Debug|x64
		{7FD703C3-58CA-4FF7-BBE0-991FC237444A}.Debug|x86.ActiveCfg = Debug|Win32
		{7FD703C3-58CA-4FF7-BBE0-991FC237444A}.Debug|x86.Build.0 = Debug|Win32
		{7FD703C3-58CA-4FF7-BBE0-991FC237444A}.Release|x64.ActiveCfg = Release|x64
		{7FD703C3-58CA-4FF7-BBE0-991FC237444A}.Release|x64.Build.0 = Release|x64
		{7FD703C3-58CA-4FF7-BBE0-991FC237444A}.Release|x86.ActiveCfg = Release|Win32
		{7FD703C3-58CA-4FF7-BBE0-991FC237444A}.Release|x86.Build.0 = Release|Win32
	EndGlobalSection
	GlobalSection(SolutionProperties) = preSolution
		HideSolutionNode = FALSE
	EndGlobalSection
	GlobalSection(ExtensibilityGlobals) = postSolution
		SolutionGuid = {158D3E05-A2F3-4C94-A220-1FC03C422BCD}
	EndGlobalSection
EndGlobal
