
Microsoft Visual Studio Solution File, Format Version 12.00
# Visual Studio 15
VisualStudioVersion = 15.0.33026.149
MinimumVisualStudioVersion = 10.0.40219.1
Project("{8BC9CEB8-8B4A-11D0-8D11-00A0C91BC942}") = "string容器", "string容器\string容器.vcxproj", "{319E43C7-4093-40FB-8F26-4E86AF31A156}"
EndProject
Global
	GlobalSection(SolutionConfigurationPlatforms) = preSolution
		Debug|x64 = Debug|x64
		Debug|x86 = Debug|x86
		Release|x64 = Release|x64
		Release|x86 = Release|x86
	EndGlobalSection
	GlobalSection(ProjectConfigurationPlatforms) = postSolution
		{319E43C7-4093-40FB-8F26-4E86AF31A156}.Debug|x64.ActiveCfg = Debug|x64
		{319E43C7-4093-40FB-8F26-4E86AF31A156}.Debug|x64.Build.0 = Debug|x64
		{319E43C7-4093-40FB-8F26-4E86AF31A156}.Debug|x86.ActiveCfg = Debug|Win32
		{319E43C7-4093-40FB-8F26-4E86AF31A156}.Debug|x86.Build.0 = Debug|Win32
		{319E43C7-4093-40FB-8F26-4E86AF31A156}.Release|x64.ActiveCfg = Release|x64
		{319E43C7-4093-40FB-8F26-4E86AF31A156}.Release|x64.Build.0 = Release|x64
		{319E43C7-4093-40FB-8F26-4E86AF31A156}.Release|x86.ActiveCfg = Release|Win32
		{319E43C7-4093-40FB-8F26-4E86AF31A156}.Release|x86.Build.0 = Release|Win32
	EndGlobalSection
	GlobalSection(SolutionProperties) = preSolution
		HideSolutionNode = FALSE
	EndGlobalSection
	GlobalSection(ExtensibilityGlobals) = postSolution
		SolutionGuid = {5AAFEAD0-6B31-4E26-A379-DF84F10ED0BC}
	EndGlobalSection
EndGlobal
