
Microsoft Visual Studio Solution File, Format Version 12.00
# Visual Studio 15
VisualStudioVersion = 15.0.33026.149
MinimumVisualStudioVersion = 10.0.40219.1
Project("{8BC9CEB8-8B4A-11D0-8D11-00A0C91BC942}") = "字符串类", "字符串类\字符串类.vcxproj", "{E136CD92-F760-4728-9B76-4EB48EC3D766}"
EndProject
Global
	GlobalSection(SolutionConfigurationPlatforms) = preSolution
		Debug|x64 = Debug|x64
		Debug|x86 = Debug|x86
		Release|x64 = Release|x64
		Release|x86 = Release|x86
	EndGlobalSection
	GlobalSection(ProjectConfigurationPlatforms) = postSolution
		{E136CD92-F760-4728-9B76-4EB48EC3D766}.Debug|x64.ActiveCfg = Debug|x64
		{E136CD92-F760-4728-9B76-4EB48EC3D766}.Debug|x64.Build.0 = Debug|x64
		{E136CD92-F760-4728-9B76-4EB48EC3D766}.Debug|x86.ActiveCfg = Debug|Win32
		{E136CD92-F760-4728-9B76-4EB48EC3D766}.Debug|x86.Build.0 = Debug|Win32
		{E136CD92-F760-4728-9B76-4EB48EC3D766}.Release|x64.ActiveCfg = Release|x64
		{E136CD92-F760-4728-9B76-4EB48EC3D766}.Release|x64.Build.0 = Release|x64
		{E136CD92-F760-4728-9B76-4EB48EC3D766}.Release|x86.ActiveCfg = Release|Win32
		{E136CD92-F760-4728-9B76-4EB48EC3D766}.Release|x86.Build.0 = Release|Win32
	EndGlobalSection
	GlobalSection(SolutionProperties) = preSolution
		HideSolutionNode = FALSE
	EndGlobalSection
	GlobalSection(ExtensibilityGlobals) = postSolution
		SolutionGuid = {C80D1429-576A-4291-977A-0A42C0760E81}
	EndGlobalSection
EndGlobal
