
Microsoft Visual Studio Solution File, Format Version 12.00
# Visual Studio 15
VisualStudioVersion = 15.0.28307.2017
MinimumVisualStudioVersion = 10.0.40219.1
Project("{8BC9CEB8-8B4A-11D0-8D11-00A0C91BC942}") = "PVZCheater", "PVZCheater\PVZCheater.vcxproj", "{682CFE26-AFEC-48C7-8BEE-6293D904B94D}"
EndProject
Global
	GlobalSection(SolutionConfigurationPlatforms) = preSolution
		Debug|x64 = Debug|x64
		Debug|x86 = Debug|x86
		Release|x64 = Release|x64
		Release|x86 = Release|x86
	EndGlobalSection
	GlobalSection(ProjectConfigurationPlatforms) = postSolution
		{682CFE26-AFEC-48C7-8BEE-6293D904B94D}.Debug|x64.ActiveCfg = Debug|x64
		{682CFE26-AFEC-48C7-8BEE-6293D904B94D}.Debug|x64.Build.0 = Debug|x64
		{682CFE26-AFEC-48C7-8BEE-6293D904B94D}.Debug|x86.ActiveCfg = Debug|Win32
		{682CFE26-AFEC-48C7-8BEE-6293D904B94D}.Debug|x86.Build.0 = Debug|Win32
		{682CFE26-AFEC-48C7-8BEE-6293D904B94D}.Release|x64.ActiveCfg = Release|x64
		{682CFE26-AFEC-48C7-8BEE-6293D904B94D}.Release|x64.Build.0 = Release|x64
		{682CFE26-AFEC-48C7-8BEE-6293D904B94D}.Release|x86.ActiveCfg = Release|Win32
		{682CFE26-AFEC-48C7-8BEE-6293D904B94D}.Release|x86.Build.0 = Release|Win32
	EndGlobalSection
	GlobalSection(SolutionProperties) = preSolution
		HideSolutionNode = FALSE
	EndGlobalSection
	GlobalSection(ExtensibilityGlobals) = postSolution
		SolutionGuid = {E806C881-1647-4134-8737-835C4F99692F}
	EndGlobalSection
EndGlobal
