
Microsoft Visual Studio Solution File, Format Version 12.00
# Visual Studio 15
VisualStudioVersion = 15.0.28307.2017
MinimumVisualStudioVersion = 10.0.40219.1
Project("{8BC9CEB8-8B4A-11D0-8D11-00A0C91BC942}") = "project_cast", "project_cast\project_cast.vcxproj", "{73EF14E1-6711-4712-829C-1BE25A28219B}"
EndProject
Global
	GlobalSection(SolutionConfigurationPlatforms) = preSolution
		Debug|x64 = Debug|x64
		Debug|x86 = Debug|x86
		Release|x64 = Release|x64
		Release|x86 = Release|x86
	EndGlobalSection
	GlobalSection(ProjectConfigurationPlatforms) = postSolution
		{73EF14E1-6711-4712-829C-1BE25A28219B}.Debug|x64.ActiveCfg = Debug|x64
		{73EF14E1-6711-4712-829C-1BE25A28219B}.Debug|x64.Build.0 = Debug|x64
		{73EF14E1-6711-4712-829C-1BE25A28219B}.Debug|x86.ActiveCfg = Debug|Win32
		{73EF14E1-6711-4712-829C-1BE25A28219B}.Debug|x86.Build.0 = Debug|Win32
		{73EF14E1-6711-4712-829C-1BE25A28219B}.Release|x64.ActiveCfg = Release|x64
		{73EF14E1-6711-4712-829C-1BE25A28219B}.Release|x64.Build.0 = Release|x64
		{73EF14E1-6711-4712-829C-1BE25A28219B}.Release|x86.ActiveCfg = Release|Win32
		{73EF14E1-6711-4712-829C-1BE25A28219B}.Release|x86.Build.0 = Release|Win32
	EndGlobalSection
	GlobalSection(SolutionProperties) = preSolution
		HideSolutionNode = FALSE
	EndGlobalSection
	GlobalSection(ExtensibilityGlobals) = postSolution
		SolutionGuid = {95E4F531-5BCA-4D1F-B5D7-6B61E081B2AF}
	EndGlobalSection
EndGlobal
