
Microsoft Visual Studio Solution File, Format Version 12.00
# Visual Studio 15
VisualStudioVersion = 15.0.33026.149
MinimumVisualStudioVersion = 10.0.40219.1
Project("{8BC9CEB8-8B4A-11D0-8D11-00A0C91BC942}") = "函数对象", "函数对象\函数对象.vcxproj", "{906F1793-1103-4F89-B265-811AD578F7E5}"
EndProject
Global
	GlobalSection(SolutionConfigurationPlatforms) = preSolution
		Debug|x64 = Debug|x64
		Debug|x86 = Debug|x86
		Release|x64 = Release|x64
		Release|x86 = Release|x86
	EndGlobalSection
	GlobalSection(ProjectConfigurationPlatforms) = postSolution
		{906F1793-1103-4F89-B265-811AD578F7E5}.Debug|x64.ActiveCfg = Debug|x64
		{906F1793-1103-4F89-B265-811AD578F7E5}.Debug|x64.Build.0 = Debug|x64
		{906F1793-1103-4F89-B265-811AD578F7E5}.Debug|x86.ActiveCfg = Debug|Win32
		{906F1793-1103-4F89-B265-811AD578F7E5}.Debug|x86.Build.0 = Debug|Win32
		{906F1793-1103-4F89-B265-811AD578F7E5}.Release|x64.ActiveCfg = Release|x64
		{906F1793-1103-4F89-B265-811AD578F7E5}.Release|x64.Build.0 = Release|x64
		{906F1793-1103-4F89-B265-811AD578F7E5}.Release|x86.ActiveCfg = Release|Win32
		{906F1793-1103-4F89-B265-811AD578F7E5}.Release|x86.Build.0 = Release|Win32
	EndGlobalSection
	GlobalSection(SolutionProperties) = preSolution
		HideSolutionNode = FALSE
	EndGlobalSection
	GlobalSection(ExtensibilityGlobals) = postSolution
		SolutionGuid = {CE97A4FB-E4E4-4F35-B4FA-06C86343B699}
	EndGlobalSection
EndGlobal
