
Microsoft Visual Studio Solution File, Format Version 12.00
# Visual Studio 15
VisualStudioVersion = 15.0.33026.149
MinimumVisualStudioVersion = 10.0.40219.1
Project("{8BC9CEB8-8B4A-11D0-8D11-00A0C91BC942}") = "算法复杂度", "算法复杂度\算法复杂度.vcxproj", "{D29002D3-324A-4EBA-86B4-4BDC289FB8DF}"
EndProject
Global
	GlobalSection(SolutionConfigurationPlatforms) = preSolution
		Debug|x64 = Debug|x64
		Debug|x86 = Debug|x86
		Release|x64 = Release|x64
		Release|x86 = Release|x86
	EndGlobalSection
	GlobalSection(ProjectConfigurationPlatforms) = postSolution
		{D29002D3-324A-4EBA-86B4-4BDC289FB8DF}.Debug|x64.ActiveCfg = Debug|x64
		{D29002D3-324A-4EBA-86B4-4BDC289FB8DF}.Debug|x64.Build.0 = Debug|x64
		{D29002D3-324A-4EBA-86B4-4BDC289FB8DF}.Debug|x86.ActiveCfg = Debug|Win32
		{D29002D3-324A-4EBA-86B4-4BDC289FB8DF}.Debug|x86.Build.0 = Debug|Win32
		{D29002D3-324A-4EBA-86B4-4BDC289FB8DF}.Release|x64.ActiveCfg = Release|x64
		{D29002D3-324A-4EBA-86B4-4BDC289FB8DF}.Release|x64.Build.0 = Release|x64
		{D29002D3-324A-4EBA-86B4-4BDC289FB8DF}.Release|x86.ActiveCfg = Release|Win32
		{D29002D3-324A-4EBA-86B4-4BDC289FB8DF}.Release|x86.Build.0 = Release|Win32
	EndGlobalSection
	GlobalSection(SolutionProperties) = preSolution
		HideSolutionNode = FALSE
	EndGlobalSection
	GlobalSection(ExtensibilityGlobals) = postSolution
		SolutionGuid = {EEC1F9FD-6A8F-40F3-ADBA-FF2066457586}
	EndGlobalSection
EndGlobal
