
Microsoft Visual Studio Solution File, Format Version 12.00
# Visual Studio 15
VisualStudioVersion = 15.0.33026.149
MinimumVisualStudioVersion = 10.0.40219.1
Project("{8BC9CEB8-8B4A-11D0-8D11-00A0C91BC942}") = "原型模式", "原型模式\原型模式.vcxproj", "{466D26EE-1A79-4A36-BB94-890E7BF683E8}"
EndProject
Global
	GlobalSection(SolutionConfigurationPlatforms) = preSolution
		Debug|x64 = Debug|x64
		Debug|x86 = Debug|x86
		Release|x64 = Release|x64
		Release|x86 = Release|x86
	EndGlobalSection
	GlobalSection(ProjectConfigurationPlatforms) = postSolution
		{466D26EE-1A79-4A36-BB94-890E7BF683E8}.Debug|x64.ActiveCfg = Debug|x64
		{466D26EE-1A79-4A36-BB94-890E7BF683E8}.Debug|x64.Build.0 = Debug|x64
		{466D26EE-1A79-4A36-BB94-890E7BF683E8}.Debug|x86.ActiveCfg = Debug|Win32
		{466D26EE-1A79-4A36-BB94-890E7BF683E8}.Debug|x86.Build.0 = Debug|Win32
		{466D26EE-1A79-4A36-BB94-890E7BF683E8}.Release|x64.ActiveCfg = Release|x64
		{466D26EE-1A79-4A36-BB94-890E7BF683E8}.Release|x64.Build.0 = Release|x64
		{466D26EE-1A79-4A36-BB94-890E7BF683E8}.Release|x86.ActiveCfg = Release|Win32
		{466D26EE-1A79-4A36-BB94-890E7BF683E8}.Release|x86.Build.0 = Release|Win32
	EndGlobalSection
	GlobalSection(SolutionProperties) = preSolution
		HideSolutionNode = FALSE
	EndGlobalSection
	GlobalSection(ExtensibilityGlobals) = postSolution
		SolutionGuid = {E4CE5075-0A4D-4E03-AC7F-15D4DB9C1AEE}
	EndGlobalSection
EndGlobal
